{
  "version": 4,
  "terraform_version": "1.9.5",
  "serial": 4,
  "lineage": "4660439e-87b2-d1bb-5887-c926753133e1",
  "outputs": {
    "nat_gateways": {
      "value": [
        "nat-0c3f9e9d2054813f2",
        "nat-00ca835266e87759d",
        "nat-0933e5c7babcc872f"
      ],
      "type": [
        "tuple",
        [
          "string",
          "string",
          "string"
        ]
      ]
    }
  },
  "resources": [
    {
      "mode": "managed",
      "type": "aws_nat_gateway",
      "name": "nat_gateways",
      "provider": "provider[\"registry.terraform.io/hashicorp/aws\"]",
      "instances": [
        {
          "index_key": 0,
          "schema_version": 0,
          "attributes": {
            "allocation_id": "eipalloc-005bcc34673b10d04",
            "association_id": "eipassoc-041c9c587f5f94633",
            "connectivity_type": "public",
            "id": "nat-0c3f9e9d2054813f2",
            "network_interface_id": "eni-0b45966370acdf9f9",
            "private_ip": "10.0.0.5",
            "public_ip": "3.18.139.206",
            "secondary_allocation_ids": null,
            "secondary_private_ip_address_count": 0,
            "secondary_private_ip_addresses": [],
            "subnet_id": "subnet-0bf39c16eab4a0c29",
            "tags": {
              "ManagedBy": "terraform",
              "Name": "NAT Gateway 1}",
              "Project": "weatherbug"
            },
            "tags_all": {
              "ManagedBy": "terraform",
              "Name": "NAT Gateway 1}",
              "Project": "weatherbug"
            },
            "timeouts": null
          },
          "sensitive_attributes": [],
          "private": "eyJlMmJmYjczMC1lY2FhLTExZTYtOGY4OC0zNDM2M2JjN2M0YzAiOnsiY3JlYXRlIjo2MDAwMDAwMDAwMDAsImRlbGV0ZSI6MTgwMDAwMDAwMDAwMCwidXBkYXRlIjo2MDAwMDAwMDAwMDB9fQ=="
        },
        {
          "index_key": 1,
          "schema_version": 0,
          "attributes": {
            "allocation_id": "eipalloc-01598906b6e91c1ab",
            "association_id": "eipassoc-0a9bef53b4133d71c",
            "connectivity_type": "public",
            "id": "nat-00ca835266e87759d",
            "network_interface_id": "eni-0f8c9bbec8a4d3f7f",
            "private_ip": "10.0.0.25",
            "public_ip": "18.117.26.116",
            "secondary_allocation_ids": null,
            "secondary_private_ip_address_count": 0,
            "secondary_private_ip_addresses": [],
            "subnet_id": "subnet-0f8ec2638b596a7d3",
            "tags": {
              "ManagedBy": "terraform",
              "Name": "NAT Gateway 2}",
              "Project": "weatherbug"
            },
            "tags_all": {
              "ManagedBy": "terraform",
              "Name": "NAT Gateway 2}",
              "Project": "weatherbug"
            },
            "timeouts": null
          },
          "sensitive_attributes": [],
          "private": "eyJlMmJmYjczMC1lY2FhLTExZTYtOGY4OC0zNDM2M2JjN2M0YzAiOnsiY3JlYXRlIjo2MDAwMDAwMDAwMDAsImRlbGV0ZSI6MTgwMDAwMDAwMDAwMCwidXBkYXRlIjo2MDAwMDAwMDAwMDB9fQ=="
        },
        {
          "index_key": 2,
          "schema_version": 0,
          "attributes": {
            "allocation_id": "eipalloc-05e66cd9ce61b775b",
            "association_id": "eipassoc-09f556898da293c9b",
            "connectivity_type": "public",
            "id": "nat-0933e5c7babcc872f",
            "network_interface_id": "eni-015e93c240e1a0a04",
            "private_ip": "10.0.0.38",
            "public_ip": "18.191.31.186",
            "secondary_allocation_ids": null,
            "secondary_private_ip_address_count": 0,
            "secondary_private_ip_addresses": [],
            "subnet_id": "subnet-0e3dd86a3ab15d103",
            "tags": {
              "ManagedBy": "terraform",
              "Name": "NAT Gateway 3}",
              "Project": "weatherbug"
            },
            "tags_all": {
              "ManagedBy": "terraform",
              "Name": "NAT Gateway 3}",
              "Project": "weatherbug"
            },
            "timeouts": null
          },
          "sensitive_attributes": [],
          "private": "eyJlMmJmYjczMC1lY2FhLTExZTYtOGY4OC0zNDM2M2JjN2M0YzAiOnsiY3JlYXRlIjo2MDAwMDAwMDAwMDAsImRlbGV0ZSI6MTgwMDAwMDAwMDAwMCwidXBkYXRlIjo2MDAwMDAwMDAwMDB9fQ=="
        }
      ]
    }
  ],
  "check_results": null
}
