{
  "version": 4,
  "terraform_version": "1.9.5",
  "serial": 4,
  "lineage": "f426ec3c-c1b9-b7ce-8f58-195707778df8",
  "outputs": {},
  "resources": [
    {
      "mode": "managed",
      "type": "aws_eip",
      "name": "nat",
      "provider": "provider[\"registry.terraform.io/hashicorp/aws\"]",
      "instances": [
        {
          "index_key": 0,
          "schema_version": 0,
          "attributes": {
            "address": null,
            "allocation_id": "eipalloc-005bcc34673b10d04",
            "arn": "arn:aws:ec2:us-east-2:058264111371:elastic-ip/eipalloc-005bcc34673b10d04",
            "associate_with_private_ip": null,
            "association_id": "",
            "carrier_ip": "",
            "customer_owned_ip": "",
            "customer_owned_ipv4_pool": "",
            "domain": "vpc",
            "id": "eipalloc-005bcc34673b10d04",
            "instance": "",
            "network_border_group": "us-east-2",
            "network_interface": "",
            "private_dns": null,
            "private_ip": "",
            "ptr_record": "",
            "public_dns": "ec2-3-18-139-206.us-east-2.compute.amazonaws.com",
            "public_ip": "3.18.139.206",
            "public_ipv4_pool": "amazon",
            "tags": {
              "ManagedBy": "terraform",
              "Name": "EIP for NAT Gateway us-east-2a",
              "Project": "weatherbug"
            },
            "tags_all": {
              "ManagedBy": "terraform",
              "Name": "EIP for NAT Gateway us-east-2a",
              "Project": "weatherbug"
            },
            "timeouts": null,
            "vpc": true
          },
          "sensitive_attributes": [],
          "private": "eyJlMmJmYjczMC1lY2FhLTExZTYtOGY4OC0zNDM2M2JjN2M0YzAiOnsiZGVsZXRlIjoxODAwMDAwMDAwMDAsInJlYWQiOjkwMDAwMDAwMDAwMCwidXBkYXRlIjozMDAwMDAwMDAwMDB9fQ=="
        },
        {
          "index_key": 1,
          "schema_version": 0,
          "attributes": {
            "address": null,
            "allocation_id": "eipalloc-01598906b6e91c1ab",
            "arn": "arn:aws:ec2:us-east-2:058264111371:elastic-ip/eipalloc-01598906b6e91c1ab",
            "associate_with_private_ip": null,
            "association_id": "",
            "carrier_ip": "",
            "customer_owned_ip": "",
            "customer_owned_ipv4_pool": "",
            "domain": "vpc",
            "id": "eipalloc-01598906b6e91c1ab",
            "instance": "",
            "network_border_group": "us-east-2",
            "network_interface": "",
            "private_dns": null,
            "private_ip": "",
            "ptr_record": "",
            "public_dns": "ec2-18-117-26-116.us-east-2.compute.amazonaws.com",
            "public_ip": "18.117.26.116",
            "public_ipv4_pool": "amazon",
            "tags": {
              "ManagedBy": "terraform",
              "Name": "EIP for NAT Gateway us-east-2b",
              "Project": "weatherbug"
            },
            "tags_all": {
              "ManagedBy": "terraform",
              "Name": "EIP for NAT Gateway us-east-2b",
              "Project": "weatherbug"
            },
            "timeouts": null,
            "vpc": true
          },
          "sensitive_attributes": [],
          "private": "eyJlMmJmYjczMC1lY2FhLTExZTYtOGY4OC0zNDM2M2JjN2M0YzAiOnsiZGVsZXRlIjoxODAwMDAwMDAwMDAsInJlYWQiOjkwMDAwMDAwMDAwMCwidXBkYXRlIjozMDAwMDAwMDAwMDB9fQ=="
        },
        {
          "index_key": 2,
          "schema_version": 0,
          "attributes": {
            "address": null,
            "allocation_id": "eipalloc-05e66cd9ce61b775b",
            "arn": "arn:aws:ec2:us-east-2:058264111371:elastic-ip/eipalloc-05e66cd9ce61b775b",
            "associate_with_private_ip": null,
            "association_id": "",
            "carrier_ip": "",
            "customer_owned_ip": "",
            "customer_owned_ipv4_pool": "",
            "domain": "vpc",
            "id": "eipalloc-05e66cd9ce61b775b",
            "instance": "",
            "network_border_group": "us-east-2",
            "network_interface": "",
            "private_dns": null,
            "private_ip": "",
            "ptr_record": "",
            "public_dns": "ec2-18-191-31-186.us-east-2.compute.amazonaws.com",
            "public_ip": "18.191.31.186",
            "public_ipv4_pool": "amazon",
            "tags": {
              "ManagedBy": "terraform",
              "Name": "EIP for NAT Gateway us-east-2c",
              "Project": "weatherbug"
            },
            "tags_all": {
              "ManagedBy": "terraform",
              "Name": "EIP for NAT Gateway us-east-2c",
              "Project": "weatherbug"
            },
            "timeouts": null,
            "vpc": true
          },
          "sensitive_attributes": [],
          "private": "eyJlMmJmYjczMC1lY2FhLTExZTYtOGY4OC0zNDM2M2JjN2M0YzAiOnsiZGVsZXRlIjoxODAwMDAwMDAwMDAsInJlYWQiOjkwMDAwMDAwMDAwMCwidXBkYXRlIjozMDAwMDAwMDAwMDB9fQ=="
        }
      ]
    }
  ],
  "check_results": null
}
