{
  "version": 4,
  "terraform_version": "1.9.5",
  "serial": 2,
  "lineage": "e6dc7d67-6285-88db-8141-d4bc9b8707b4",
  "outputs": {
    "public_gateway_id": {
      "value": "igw-028712322eef1b85f",
      "type": "string"
    }
  },
  "resources": [
    {
      "mode": "managed",
      "type": "aws_internet_gateway",
      "name": "public_gateway",
      "provider": "provider[\"registry.terraform.io/hashicorp/aws\"]",
      "instances": [
        {
          "schema_version": 0,
          "attributes": {
            "arn": "arn:aws:ec2:us-east-2:058264111371:internet-gateway/igw-028712322eef1b85f",
            "id": "igw-028712322eef1b85f",
            "owner_id": "058264111371",
            "tags": {
              "ManagedBy": "terraform",
              "Name": "Project VPC IG",
              "Project": "weatherbug"
            },
            "tags_all": {
              "ManagedBy": "terraform",
              "Name": "Project VPC IG",
              "Project": "weatherbug"
            },
            "timeouts": null,
            "vpc_id": "vpc-0c0f28a263e57fb30"
          },
          "sensitive_attributes": [],
          "private": "eyJlMmJmYjczMC1lY2FhLTExZTYtOGY4OC0zNDM2M2JjN2M0YzAiOnsiY3JlYXRlIjoxMjAwMDAwMDAwMDAwLCJkZWxldGUiOjEyMDAwMDAwMDAwMDAsInVwZGF0ZSI6MTIwMDAwMDAwMDAwMH19"
        }
      ]
    }
  ],
  "check_results": null
}
