{
  "version": 4,
  "terraform_version": "1.9.5",
  "serial": 2,
  "lineage": "8a0af72f-45fd-a8ab-2cdb-ac377ee11f0e",
  "outputs": {
    "vpc_id": {
      "value": "vpc-0c0f28a263e57fb30",
      "type": "string"
    }
  },
  "resources": [
    {
      "mode": "managed",
      "type": "aws_vpc",
      "name": "public_vpc",
      "provider": "provider[\"registry.terraform.io/hashicorp/aws\"]",
      "instances": [
        {
          "schema_version": 1,
          "attributes": {
            "arn": "arn:aws:ec2:us-east-2:058264111371:vpc/vpc-0c0f28a263e57fb30",
            "assign_generated_ipv6_cidr_block": false,
            "cidr_block": "10.0.0.0/16",
            "default_network_acl_id": "acl-05735a454f39111aa",
            "default_route_table_id": "rtb-0d6d78463dbb5c92f",
            "default_security_group_id": "sg-039212045b39bb540",
            "dhcp_options_id": "dopt-03073cf9b0b4df6f5",
            "enable_dns_hostnames": true,
            "enable_dns_support": true,
            "enable_network_address_usage_metrics": false,
            "id": "vpc-0c0f28a263e57fb30",
            "instance_tenancy": "default",
            "ipv4_ipam_pool_id": null,
            "ipv4_netmask_length": null,
            "ipv6_association_id": "",
            "ipv6_cidr_block": "",
            "ipv6_cidr_block_network_border_group": "",
            "ipv6_ipam_pool_id": "",
            "ipv6_netmask_length": 0,
            "main_route_table_id": "rtb-0d6d78463dbb5c92f",
            "owner_id": "058264111371",
            "tags": {
              "ManagedBy": "terraform",
              "Name": "VPC-us-east-2-prod",
              "Project": "weatherbug"
            },
            "tags_all": {
              "ManagedBy": "terraform",
              "Name": "VPC-us-east-2-prod",
              "Project": "weatherbug"
            }
          },
          "sensitive_attributes": [],
          "private": "eyJzY2hlbWFfdmVyc2lvbiI6IjEifQ=="
        }
      ]
    }
  ],
  "check_results": null
}
